
Microsoft Visual Studio Solution File, Format Version 12.00
# Visual Studio Version 17
VisualStudioVersion = 17.5.33516.290
MinimumVisualStudioVersion = 10.0.40219.1
Project("{FAE04EC0-301F-11D3-BF4B-00C04F79EFBC}") = "Northwind.UI.Server", "Northwind.UI\Server\Northwind.UI.Server.csproj", "{D2A157E2-0BE3-4C9A-8337-44EFFDFEDF43}"
EndProject
Project("{FAE04EC0-301F-11D3-BF4B-00C04F79EFBC}") = "Northwind.UI.Client", "Northwind.UI\Client\Northwind.UI.Client.csproj", "{DB1E1ECD-F58E-4897-B983-5FF832935497}"
EndProject
Project("{FAE04EC0-301F-11D3-BF4B-00C04F79EFBC}") = "Northwind.UI.Shared", "Northwind.UI\Shared\Northwind.UI.Shared.csproj", "{B57BEA7B-6F70-4E53-B66D-73965F514611}"
EndProject
Project("{9A19103F-16F7-4668-BE54-9A1E7A4F7556}") = "Northwind.Store.Model", "Northwind.Store.Model\Northwind.Store.Model.csproj", "{B5D202C6-8D0F-40F7-A257-A6F12CD89553}"
EndProject
Project("{9A19103F-16F7-4668-BE54-9A1E7A4F7556}") = "Northwind.Store.Data", "Northwind.Store.Data\Northwind.Store.Data.csproj", "{2BB5B95F-20F4-4A55-9CF2-BAD8ED5F087B}"
EndProject
Project("{9A19103F-16F7-4668-BE54-9A1E7A4F7556}") = "Northwind.Store.Services", "Northwind.Store.Services\Northwind.Store.Services.csproj", "{F16A29B1-5CA3-442C-9722-1C65C4817C9D}"
EndProject
Project("{FAE04EC0-301F-11D3-BF4B-00C04F79EFBC}") = "Northwind.UI.Models", "Northwind.UI.Models\Northwind.UI.Models.csproj", "{84D847FB-41F2-4037-A52A-83D14B4C8808}"
EndProject
Project("{FAE04EC0-301F-11D3-BF4B-00C04F79EFBC}") = "Northwind.UI.Services", "Northwind.UI.Services\Northwind.UI.Services.csproj", "{DB9D6D3E-E147-4E75-A750-609E59E53B8C}"
EndProject
Project("{FAE04EC0-301F-11D3-BF4B-00C04F79EFBC}") = "Northwind.UI.Components", "Northwind.UI.Components\Northwind.UI.Components.csproj", "{4E9CFB6D-960E-4C95-9E1D-A43E1A98B889}"
EndProject
Global
	GlobalSection(SolutionConfigurationPlatforms) = preSolution
		Debug|Any CPU = Debug|Any CPU
		Release|Any CPU = Release|Any CPU
	EndGlobalSection
	GlobalSection(ProjectConfigurationPlatforms) = postSolution
		{D2A157E2-0BE3-4C9A-8337-44EFFDFEDF43}.Debug|Any CPU.ActiveCfg = Debug|Any CPU
		{D2A157E2-0BE3-4C9A-8337-44EFFDFEDF43}.Debug|Any CPU.Build.0 = Debug|Any CPU
		{D2A157E2-0BE3-4C9A-8337-44EFFDFEDF43}.Release|Any CPU.ActiveCfg = Release|Any CPU
		{D2A157E2-0BE3-4C9A-8337-44EFFDFEDF43}.Release|Any CPU.Build.0 = Release|Any CPU
		{DB1E1ECD-F58E-4897-B983-5FF832935497}.Debug|Any CPU.ActiveCfg = Debug|Any CPU
		{DB1E1ECD-F58E-4897-B983-5FF832935497}.Debug|Any CPU.Build.0 = Debug|Any CPU
		{DB1E1ECD-F58E-4897-B983-5FF832935497}.Release|Any CPU.ActiveCfg = Release|Any CPU
		{DB1E1ECD-F58E-4897-B983-5FF832935497}.Release|Any CPU.Build.0 = Release|Any CPU
		{B57BEA7B-6F70-4E53-B66D-73965F514611}.Debug|Any CPU.ActiveCfg = Debug|Any CPU
		{B57BEA7B-6F70-4E53-B66D-73965F514611}.Debug|Any CPU.Build.0 = Debug|Any CPU
		{B57BEA7B-6F70-4E53-B66D-73965F514611}.Release|Any CPU.ActiveCfg = Release|Any CPU
		{B57BEA7B-6F70-4E53-B66D-73965F514611}.Release|Any CPU.Build.0 = Release|Any CPU
		{B5D202C6-8D0F-40F7-A257-A6F12CD89553}.Debug|Any CPU.ActiveCfg = Debug|Any CPU
		{B5D202C6-8D0F-40F7-A257-A6F12CD89553}.Debug|Any CPU.Build.0 = Debug|Any CPU
		{B5D202C6-8D0F-40F7-A257-A6F12CD89553}.Release|Any CPU.ActiveCfg = Release|Any CPU
		{B5D202C6-8D0F-40F7-A257-A6F12CD89553}.Release|Any CPU.Build.0 = Release|Any CPU
		{2BB5B95F-20F4-4A55-9CF2-BAD8ED5F087B}.Debug|Any CPU.ActiveCfg = Debug|Any CPU
		{2BB5B95F-20F4-4A55-9CF2-BAD8ED5F087B}.Debug|Any CPU.Build.0 = Debug|Any CPU
		{2BB5B95F-20F4-4A55-9CF2-BAD8ED5F087B}.Release|Any CPU.ActiveCfg = Release|Any CPU
		{2BB5B95F-20F4-4A55-9CF2-BAD8ED5F087B}.Release|Any CPU.Build.0 = Release|Any CPU
		{F16A29B1-5CA3-442C-9722-1C65C4817C9D}.Debug|Any CPU.ActiveCfg = Debug|Any CPU
		{F16A29B1-5CA3-442C-9722-1C65C4817C9D}.Debug|Any CPU.Build.0 = Debug|Any CPU
		{F16A29B1-5CA3-442C-9722-1C65C4817C9D}.Release|Any CPU.ActiveCfg = Release|Any CPU
		{F16A29B1-5CA3-442C-9722-1C65C4817C9D}.Release|Any CPU.Build.0 = Release|Any CPU
		{84D847FB-41F2-4037-A52A-83D14B4C8808}.Debug|Any CPU.ActiveCfg = Debug|Any CPU
		{84D847FB-41F2-4037-A52A-83D14B4C8808}.Debug|Any CPU.Build.0 = Debug|Any CPU
		{84D847FB-41F2-4037-A52A-83D14B4C8808}.Release|Any CPU.ActiveCfg = Release|Any CPU
		{84D847FB-41F2-4037-A52A-83D14B4C8808}.Release|Any CPU.Build.0 = Release|Any CPU
		{DB9D6D3E-E147-4E75-A750-609E59E53B8C}.Debug|Any CPU.ActiveCfg = Debug|Any CPU
		{DB9D6D3E-E147-4E75-A750-609E59E53B8C}.Debug|Any CPU.Build.0 = Debug|Any CPU
		{DB9D6D3E-E147-4E75-A750-609E59E53B8C}.Release|Any CPU.ActiveCfg = Release|Any CPU
		{DB9D6D3E-E147-4E75-A750-609E59E53B8C}.Release|Any CPU.Build.0 = Release|Any CPU
		{4E9CFB6D-960E-4C95-9E1D-A43E1A98B889}.Debug|Any CPU.ActiveCfg = Debug|Any CPU
		{4E9CFB6D-960E-4C95-9E1D-A43E1A98B889}.Debug|Any CPU.Build.0 = Debug|Any CPU
		{4E9CFB6D-960E-4C95-9E1D-A43E1A98B889}.Release|Any CPU.ActiveCfg = Release|Any CPU
		{4E9CFB6D-960E-4C95-9E1D-A43E1A98B889}.Release|Any CPU.Build.0 = Release|Any CPU
	EndGlobalSection
	GlobalSection(SolutionProperties) = preSolution
		HideSolutionNode = FALSE
	EndGlobalSection
	GlobalSection(ExtensibilityGlobals) = postSolution
		SolutionGuid = {AF8ACC9B-A66F-4FF7-BB38-9E0D7FB6E797}
	EndGlobalSection
EndGlobal
